// !$*UTF8*$!
{
	archiveVersion = 1;
	classes = {
	};
	objectVersion = 54;
	objects = {

/* Begin PBXBuildFile section */
		5E4AA7F4253EF5AC0000C607 /* SwiftUIQMTestApp.swift in Sources */ = {isa = PBXBuildFile; fileRef = 5E4AA7F3253EF5AC0000C607 /* SwiftUIQMTestApp.swift */; };
		5E4AA7F6253EF5AC0000C607 /* ContentView.swift in Sources */ = {isa = PBXBuildFile; fileRef = 5E4AA7F5253EF5AC0000C607 /* ContentView.swift */; };
		5E4AA7F8253EF5AE0000C607 /* Assets.xcassets in Resources */ = {isa = PBXBuildFile; fileRef = 5E4AA7F7253EF5AE0000C607 /* Assets.xcassets */; };
		5E4AA7FB253EF5AE0000C607 /* Preview Assets.xcassets in Resources */ = {isa = PBXBuildFile; fileRef = 5E4AA7FA253EF5AE0000C607 /* Preview Assets.xcassets */; };
		FD47B7D42C17F63E000004AF /* MyLibrary in Frameworks */ = {isa = PBXBuildFile; productRef = FD47B7D32C17F63E000004AF /* MyLibrary */; };
/* End PBXBuildFile section */

/* Begin PBXFileReference section */
		5E4AA7F0253EF5AC0000C607 /* SwiftUIQMTest.app */ = {isa = PBXFileReference; explicitFileType = wrapper.application; includeInIndex = 0; path = SwiftUIQMTest.app; sourceTree = BUILT_PRODUCTS_DIR; };
		5E4AA7F3253EF5AC0000C607 /* SwiftUIQMTestApp.swift */ = {isa = PBXFileReference; lastKnownFileType = sourcecode.swift; path = SwiftUIQMTestApp.swift; sourceTree = "<group>"; };
		5E4AA7F5253EF5AC0000C607 /* ContentView.swift */ = {isa = PBXFileReference; lastKnownFileType = sourcecode.swift; path = ContentView.swift; sourceTree = "<group>"; };
		5E4AA7F7253EF5AE0000C607 /* Assets.xcassets */ = {isa = PBXFileReference; lastKnownFileType = folder.assetcatalog; path = Assets.xcassets; sourceTree = "<group>"; };
		5E4AA7FA253EF5AE0000C607 /* Preview Assets.xcassets */ = {isa = PBXFileReference; lastKnownFileType = folder.assetcatalog; path = "Preview Assets.xcassets"; sourceTree = "<group>"; };
		5E4AA7FC253EF5AE0000C607 /* Info.plist */ = {isa = PBXFileReference; lastKnownFileType = text.plist.xml; path = Info.plist; sourceTree = "<group>"; };
/* End PBXFileReference section */

/* Begin PBXFrameworksBuildPhase section */
		5E4AA7ED253EF5AC0000C607 /* Frameworks */ = {
			isa = PBXFrameworksBuildPhase;
			buildActionMask = 2147483647;
			files = (
				FD47B7D42C17F63E000004AF /* MyLibrary in Frameworks */,
			);
			runOnlyForDeploymentPostprocessing = 0;
		};
/* End PBXFrameworksBuildPhase section */

/* Begin PBXGroup section */
		5E4AA7E7253EF5AC0000C607 = {
			isa = PBXGroup;
			children = (
				5E4AA7F2253EF5AC0000C607 /* SwiftUIQMTest */,
				5E4AA7F1253EF5AC0000C607 /* Products */,
				FD47B7D22C17F63E000004AF /* Frameworks */,
			);
			sourceTree = "<group>";
		};
		5E4AA7F1253EF5AC0000C607 /* Products */ = {
			isa = PBXGroup;
			children = (
				5E4AA7F0253EF5AC0000C607 /* SwiftUIQMTest.app */,
			);
			name = Products;
			sourceTree = "<group>";
		};
		5E4AA7F2253EF5AC0000C607 /* SwiftUIQMTest */ = {
			isa = PBXGroup;
			children = (
				5E4AA7F3253EF5AC0000C607 /* SwiftUIQMTestApp.swift */,
				5E4AA7F5253EF5AC0000C607 /* ContentView.swift */,
				5E4AA7F7253EF5AE0000C607 /* Assets.xcassets */,
				5E4AA7FC253EF5AE0000C607 /* Info.plist */,
				5E4AA7F9253EF5AE0000C607 /* Preview Content */,
			);
			path = SwiftUIQMTest;
			sourceTree = "<group>";
		};
		5E4AA7F9253EF5AE0000C607 /* Preview Content */ = {
			isa = PBXGroup;
			children = (
				5E4AA7FA253EF5AE0000C607 /* Preview Assets.xcassets */,
			);
			path = "Preview Content";
			sourceTree = "<group>";
		};
		FD47B7D22C17F63E000004AF /* Frameworks */ = {
			isa = PBXGroup;
			children = (
			);
			name = Frameworks;
			sourceTree = "<group>";
		};
/* End PBXGroup section */

/* Begin PBXNativeTarget section */
		5E4AA7EF253EF5AC0000C607 /* SwiftUIQMTest */ = {
			isa = PBXNativeTarget;
			buildConfigurationList = 5E4AA7FF253EF5AE0000C607 /* Build configuration list for PBXNativeTarget "SwiftUIQMTest" */;
			buildPhases = (
				5E4AA7EC253EF5AC0000C607 /* Sources */,
				5E4AA7ED253EF5AC0000C607 /* Frameworks */,
				5E4AA7EE253EF5AC0000C607 /* Resources */,
			);
			buildRules = (
			);
			dependencies = (
			);
			name = SwiftUIQMTest;
			packageProductDependencies = (
				FD47B7D32C17F63E000004AF /* MyLibrary */,
			);
			productName = SwiftUIQMTest;
			productReference = 5E4AA7F0253EF5AC0000C607 /* SwiftUIQMTest.app */;
			productType = "com.apple.product-type.application";
		};
/* End PBXNativeTarget section */

/* Begin PBXProject section */
		5E4AA7E8253EF5AC0000C607 /* Project object */ = {
			isa = PBXProject;
			attributes = {
				BuildIndependentTargetsInParallel = YES;
				LastSwiftUpdateCheck = 1200;
				LastUpgradeCheck = 1540;
				TargetAttributes = {
					5E4AA7EF253EF5AC0000C607 = {
						CreatedOnToolsVersion = 12.0;
					};
				};
			};
			buildConfigurationList = 5E4AA7EB253EF5AC0000C607 /* Build configuration list for PBXProject "SwiftUIQMTest" */;
			compatibilityVersion = "Xcode 9.3";
			developmentRegion = en;
			hasScannedForEncodings = 0;
			knownRegions = (
				en,
				Base,
			);
			mainGroup = 5E4AA7E7253EF5AC0000C607;
			productRefGroup = 5E4AA7F1253EF5AC0000C607 /* Products */;
			projectDirPath = "";
			projectRoot = "";
			targets = (
				5E4AA7EF253EF5AC0000C607 /* SwiftUIQMTest */,
			);
		};
/* End PBXProject section */

/* Begin PBXResourcesBuildPhase section */
		5E4AA7EE253EF5AC0000C607 /* Resources */ = {
			isa = PBXResourcesBuildPhase;
			buildActionMask = 2147483647;
			files = (
				5E4AA7FB253EF5AE0000C607 /* Preview Assets.xcassets in Resources */,
				5E4AA7F8253EF5AE0000C607 /* Assets.xcassets in Resources */,
			);
			runOnlyForDeploymentPostprocessing = 0;
		};
/* End PBXResourcesBuildPhase section */

/* Begin PBXSourcesBuildPhase section */
		5E4AA7EC253EF5AC0000C607 /* Sources */ = {
			isa = PBXSourcesBuildPhase;
			buildActionMask = 2147483647;
			files = (
				5E4AA7F6253EF5AC0000C607 /* ContentView.swift in Sources */,
				5E4AA7F4253EF5AC0000C607 /* SwiftUIQMTestApp.swift in Sources */,
			);
			runOnlyForDeploymentPostprocessing = 0;
		};
/* End PBXSourcesBuildPhase section */

/* Begin XCBuildConfiguration section */
		5E4AA7FD253EF5AE0000C607 /* Debug */ = {
			isa = XCBuildConfiguration;
			buildSettings = {
				ALWAYS_SEARCH_USER_PATHS = NO;
				CLANG_ANALYZER_NONNULL = YES;
				CLANG_ANALYZER_NUMBER_OBJECT_CONVERSION = YES_AGGRESSIVE;
				CLANG_CXX_LANGUAGE_STANDARD = "gnu++14";
				CLANG_CXX_LIBRARY = "libc++";
				CLANG_ENABLE_MODULES = YES;
				CLANG_ENABLE_OBJC_ARC = YES;
				CLANG_ENABLE_OBJC_WEAK = YES;
				CLANG_WARN_BLOCK_CAPTURE_AUTORELEASING = YES;
				CLANG_WARN_BOOL_CONVERSION = YES;
				CLANG_WARN_COMMA = YES;
				CLANG_WARN_CONSTANT_CONVERSION = YES;
				CLANG_WARN_DEPRECATED_OBJC_IMPLEMENTATIONS = YES;
				CLANG_WARN_DIRECT_OBJC_ISA_USAGE = YES_ERROR;
				CLANG_WARN_DOCUMENTATION_COMMENTS = YES;
				CLANG_WARN_EMPTY_BODY = YES;
				CLANG_WARN_ENUM_CONVERSION = YES;
				CLANG_WARN_INFINITE_RECURSION = YES;
				CLANG_WARN_INT_CONVERSION = YES;
				CLANG_WARN_NON_LITERAL_NULL_CONVERSION = YES;
				CLANG_WARN_OBJC_IMPLICIT_RETAIN_SELF = YES;
				CLANG_WARN_OBJC_LITERAL_CONVERSION = YES;
				CLANG_WARN_OBJC_ROOT_CLASS = YES_ERROR;
				CLANG_WARN_QUOTED_INCLUDE_IN_FRAMEWORK_HEADER = YES;
				CLANG_WARN_RANGE_LOOP_ANALYSIS = YES;
				CLANG_WARN_STRICT_PROTOTYPES = YES;
				CLANG_WARN_SUSPICIOUS_MOVE = YES;
				CLANG_WARN_UNGUARDED_AVAILABILITY = YES_AGGRESSIVE;
				CLANG_WARN_UNREACHABLE_CODE = YES;
				CLANG_WARN__DUPLICATE_METHOD_MATCH = YES;
				COPY_PHASE_STRIP = NO;
				DEBUG_INFORMATION_FORMAT = dwarf;
				ENABLE_STRICT_OBJC_MSGSEND = YES;
				ENABLE_TESTABILITY = YES;
				ENABLE_USER_SCRIPT_SANDBOXING = YES;
				GCC_C_LANGUAGE_STANDARD = gnu11;
				GCC_DYNAMIC_NO_PIC = NO;
				GCC_NO_COMMON_BLOCKS = YES;
				GCC_OPTIMIZATION_LEVEL = 0;
				GCC_PREPROCESSOR_DEFINITIONS = (
					"DEBUG=1",
					"$(inherited)",
				);
				GCC_WARN_64_TO_32_BIT_CONVERSION = YES;
				GCC_WARN_ABOUT_RETURN_TYPE = YES_ERROR;
				GCC_WARN_UNDECLARED_SELECTOR = YES;
				GCC_WARN_UNINITIALIZED_AUTOS = YES_AGGRESSIVE;
				GCC_WARN_UNUSED_FUNCTION = YES;
				GCC_WARN_UNUSED_VARIABLE = YES;
				IPHONEOS_DEPLOYMENT_TARGET = 14.0;
				MTL_ENABLE_DEBUG_INFO = INCLUDE_SOURCE;
				MTL_FAST_MATH = YES;
				ONLY_ACTIVE_ARCH = YES;
				SDKROOT = iphoneos;
				SWIFT_ACTIVE_COMPILATION_CONDITIONS = DEBUG;
				SWIFT_OPTIMIZATION_LEVEL = "-Onone";
			};
			name = Debug;
		};
		5E4AA7FE253EF5AE0000C607 /* Release */ = {
			isa = XCBuildConfiguration;
			buildSettings = {
				ALWAYS_SEARCH_USER_PATHS = NO;
				CLANG_ANALYZER_NONNULL = YES;
				CLANG_ANALYZER_NUMBER_OBJECT_CONVERSION = YES_AGGRESSIVE;
				CLANG_CXX_LANGUAGE_STANDARD = "gnu++14";
				CLANG_CXX_LIBRARY = "libc++";
				CLANG_ENABLE_MODULES = YES;
				CLANG_ENABLE_OBJC_ARC = YES;
				CLANG_ENABLE_OBJC_WEAK = YES;
				CLANG_WARN_BLOCK_CAPTURE_AUTORELEASING = YES;
				CLANG_WARN_BOOL_CONVERSION = YES;
				CLANG_WARN_COMMA = YES;
				CLANG_WARN_CONSTANT_CONVERSION = YES;
				CLANG_WARN_DEPRECATED_OBJC_IMPLEMENTATIONS = YES;
				CLANG_WARN_DIRECT_OBJC_ISA_USAGE = YES_ERROR;
				CLANG_WARN_DOCUMENTATION_COMMENTS = YES;
				CLANG_WARN_EMPTY_BODY = YES;
				CLANG_WARN_ENUM_CONVERSION = YES;
				CLANG_WARN_INFINITE_RECURSION = YES;
				CLANG_WARN_INT_CONVERSION = YES;
				CLANG_WARN_NON_LITERAL_NULL_CONVERSION = YES;
				CLANG_WARN_OBJC_IMPLICIT_RETAIN_SELF = YES;
				CLANG_WARN_OBJC_LITERAL_CONVERSION = YES;
				CLANG_WARN_OBJC_ROOT_CLASS = YES_ERROR;
				CLANG_WARN_QUOTED_INCLUDE_IN_FRAMEWORK_HEADER = YES;
				CLANG_WARN_RANGE_LOOP_ANALYSIS = YES;
				CLANG_WARN_STRICT_PROTOTYPES = YES;
				CLANG_WARN_SUSPICIOUS_MOVE = YES;
				CLANG_WARN_UNGUARDED_AVAILABILITY = YES_AGGRESSIVE;
				CLANG_WARN_UNREACHABLE_CODE = YES;
				CLANG_WARN__DUPLICATE_METHOD_MATCH = YES;
				COPY_PHASE_STRIP = NO;
				DEBUG_INFORMATION_FORMAT = "dwarf-with-dsym";
				ENABLE_NS_ASSERTIONS = NO;
				ENABLE_STRICT_OBJC_MSGSEND = YES;
				ENABLE_USER_SCRIPT_SANDBOXING = YES;
				GCC_C_LANGUAGE_STANDARD = gnu11;
				GCC_NO_COMMON_BLOCKS = YES;
				GCC_WARN_64_TO_32_BIT_CONVERSION = YES;
				GCC_WARN_ABOUT_RETURN_TYPE = YES_ERROR;
				GCC_WARN_UNDECLARED_SELECTOR = YES;
				GCC_WARN_UNINITIALIZED_AUTOS = YES_AGGRESSIVE;
				GCC_WARN_UNUSED_FUNCTION = YES;
				GCC_WARN_UNUSED_VARIABLE = YES;
				IPHONEOS_DEPLOYMENT_TARGET = 14.0;
				MTL_ENABLE_DEBUG_INFO = NO;
				MTL_FAST_MATH = YES;
				SDKROOT = iphoneos;
				SWIFT_COMPILATION_MODE = wholemodule;
				SWIFT_OPTIMIZATION_LEVEL = "-O";
				VALIDATE_PRODUCT = YES;
			};
			name = Release;
		};
		5E4AA800253EF5AE0000C607 /* Debug */ = {
			isa = XCBuildConfiguration;
			buildSettings = {
				ASSETCATALOG_COMPILER_APPICON_NAME = AppIcon;
				ASSETCATALOG_COMPILER_GLOBAL_ACCENT_COLOR_NAME = AccentColor;
				CODE_SIGN_IDENTITY = "Apple Development";
				CODE_SIGN_STYLE = Automatic;
				DEVELOPMENT_ASSET_PATHS = "\"SwiftUIQMTest/Preview Content\"";
				DEVELOPMENT_TEAM = 768MCYT5F7;
				ENABLE_PREVIEWS = YES;
				INFOPLIST_FILE = SwiftUIQMTest/Info.plist;
				IPHONEOS_DEPLOYMENT_TARGET = 14.0;
				LD_RUNPATH_SEARCH_PATHS = (
					"$(inherited)",
					"@executable_path/Frameworks",
				);
				PRODUCT_BUNDLE_IDENTIFIER = com.quantummetric.SwiftUIQMTest;
				PRODUCT_NAME = "$(TARGET_NAME)";
				PROVISIONING_PROFILE_SPECIFIER = "";
				SWIFT_VERSION = 5.0;
				TARGETED_DEVICE_FAMILY = "1,2";
			};
			name = Debug;
		};
		5E4AA801253EF5AE0000C607 /* Release */ = {
			isa = XCBuildConfiguration;
			buildSettings = {
				ASSETCATALOG_COMPILER_APPICON_NAME = AppIcon;
				ASSETCATALOG_COMPILER_GLOBAL_ACCENT_COLOR_NAME = AccentColor;
				CODE_SIGN_IDENTITY = "Apple Development";
				CODE_SIGN_STYLE = Automatic;
				DEVELOPMENT_ASSET_PATHS = "\"SwiftUIQMTest/Preview Content\"";
				DEVELOPMENT_TEAM = 768MCYT5F7;
				ENABLE_PREVIEWS = YES;
				INFOPLIST_FILE = SwiftUIQMTest/Info.plist;
				IPHONEOS_DEPLOYMENT_TARGET = 14.0;
				LD_RUNPATH_SEARCH_PATHS = (
					"$(inherited)",
					"@executable_path/Frameworks",
				);
				PRODUCT_BUNDLE_IDENTIFIER = com.quantummetric.SwiftUIQMTest;
				PRODUCT_NAME = "$(TARGET_NAME)";
				PROVISIONING_PROFILE_SPECIFIER = "";
				SWIFT_VERSION = 5.0;
				TARGETED_DEVICE_FAMILY = "1,2";
			};
			name = Release;
		};
/* End XCBuildConfiguration section */

/* Begin XCConfigurationList section */
		5E4AA7EB253EF5AC0000C607 /* Build configuration list for PBXProject "SwiftUIQMTest" */ = {
			isa = XCConfigurationList;
			buildConfigurations = (
				5E4AA7FD253EF5AE0000C607 /* Debug */,
				5E4AA7FE253EF5AE0000C607 /* Release */,
			);
			defaultConfigurationIsVisible = 0;
			defaultConfigurationName = Release;
		};
		5E4AA7FF253EF5AE0000C607 /* Build configuration list for PBXNativeTarget "SwiftUIQMTest" */ = {
			isa = XCConfigurationList;
			buildConfigurations = (
				5E4AA800253EF5AE0000C607 /* Debug */,
				5E4AA801253EF5AE0000C607 /* Release */,
			);
			defaultConfigurationIsVisible = 0;
			defaultConfigurationName = Release;
		};
/* End XCConfigurationList section */

/* Begin XCSwiftPackageProductDependency section */
		FD47B7D32C17F63E000004AF /* MyLibrary */ = {
			isa = XCSwiftPackageProductDependency;
			productName = MyLibrary;
		};
/* End XCSwiftPackageProductDependency section */
	};
	rootObject = 5E4AA7E8253EF5AC0000C607 /* Project object */;
}
